
Microsoft Visual Studio Solution File, Format Version 12.00
# Visual Studio 15
VisualStudioVersion = 15.0.28307.902
MinimumVisualStudioVersion = 10.0.40219.1
Project("{FAE04EC0-301F-11D3-BF4B-00C04F79EFBC}") = "Kalkulator", "Kalkulator\Kalkulator.csproj", "{79704247-39E5-4AD7-B24D-EA9F5ABE06FE}"
EndProject
Global
	GlobalSection(SolutionConfigurationPlatforms) = preSolution
		Debug|Any CPU = Debug|Any CPU
		Release|Any CPU = Release|Any CPU
	EndGlobalSection
	GlobalSection(ProjectConfigurationPlatforms) = postSolution
		{79704247-39E5-4AD7-B24D-EA9F5ABE06FE}.Debug|Any CPU.ActiveCfg = Debug|Any CPU
		{79704247-39E5-4AD7-B24D-EA9F5ABE06FE}.Debug|Any CPU.Build.0 = Debug|Any CPU
		{79704247-39E5-4AD7-B24D-EA9F5ABE06FE}.Release|Any CPU.ActiveCfg = Release|Any CPU
		{79704247-39E5-4AD7-B24D-EA9F5ABE06FE}.Release|Any CPU.Build.0 = Release|Any CPU
	EndGlobalSection
	GlobalSection(SolutionProperties) = preSolution
		HideSolutionNode = FALSE
	EndGlobalSection
	GlobalSection(ExtensibilityGlobals) = postSolution
		SolutionGuid = {FD86718D-BFEA-4C60-9851-650A587B0054}
	EndGlobalSection
EndGlobal
