
Microsoft Visual Studio Solution File, Format Version 12.00
# Visual Studio Version 16
VisualStudioVersion = 16.0.29403.142
MinimumVisualStudioVersion = 10.0.40219.1
Project("{FAE04EC0-301F-11D3-BF4B-00C04F79EFBC}") = "Kalkulator", "Kalkulator.csproj", "{79704247-39E5-4AD7-B24D-EA9F5ABE06FE}"
EndProject
Global
	GlobalSection(SolutionConfigurationPlatforms) = preSolution
		Debug|Any CPU = Debug|Any CPU
		Release|Any CPU = Release|Any CPU
	EndGlobalSection
	GlobalSection(ProjectConfigurationPlatforms) = postSolution
		{79704247-39E5-4AD7-B24D-EA9F5ABE06FE}.Debug|Any CPU.ActiveCfg = Debug|Any CPU
		{79704247-39E5-4AD7-B24D-EA9F5ABE06FE}.Debug|Any CPU.Build.0 = Debug|Any CPU
		{79704247-39E5-4AD7-B24D-EA9F5ABE06FE}.Release|Any CPU.ActiveCfg = Release|Any CPU
		{79704247-39E5-4AD7-B24D-EA9F5ABE06FE}.Release|Any CPU.Build.0 = Release|Any CPU
	EndGlobalSection
	GlobalSection(SolutionProperties) = preSolution
		HideSolutionNode = FALSE
	EndGlobalSection
	GlobalSection(ExtensibilityGlobals) = postSolution
		SolutionGuid = {DD905E09-9A7E-4A3A-8872-320B75979FE5}
	EndGlobalSection
EndGlobal
